
Microsoft Visual Studio Solution File, Format Version 12.00
# Visual Studio Version 17
VisualStudioVersion = 17.0.31903.59
MinimumVisualStudioVersion = 10.0.40219.1
Project("{2150E333-8FDC-42A3-9474-1A3956D46DE8}") = "src", "src", "{827E0CD3-B72D-47B6-A68D-7590B98EB39B}"
EndProject
Project("{FAE04EC0-301F-11D3-BF4B-00C04F79EFBC}") = "DietApp.Api", "src\DietApp.Api\DietApp.Api.csproj", "{E4A89361-70E1-440D-AA7F-6B31C7605FF1}"
EndProject
Project("{FAE04EC0-301F-11D3-BF4B-00C04F79EFBC}") = "DietApp.Application", "src\DietApp.Application\DietApp.Application.csproj", "{66E94278-CCB2-4C48-97C2-3D3E1A495153}"
EndProject
Project("{FAE04EC0-301F-11D3-BF4B-00C04F79EFBC}") = "DietApp.Domain", "src\DietApp.Domain\DietApp.Domain.csproj", "{2CD7A309-B642-4CE0-B160-404721E0877D}"
EndProject
Project("{FAE04EC0-301F-11D3-BF4B-00C04F79EFBC}") = "DietApp.Infrastructure", "src\DietApp.Infrastructure\DietApp.Infrastructure.csproj", "{AA8D12D3-5DC1-4185-9FEA-0E2D50FCF0A5}"
EndProject
Project("{FAE04EC0-301F-11D3-BF4B-00C04F79EFBC}") = "DietApp.Tests", "tests\DietApp.Tests\DietApp.Tests.csproj", "{A32784F9-A8CA-4BD3-A263-E34E918BFB6D}"
EndProject
Project("{2150E333-8FDC-42A3-9474-1A3956D46DE8}") = "tools", "tools", "{07C2787E-EAC7-C090-1BA3-A61EC2A24D84}"
EndProject
Project("{FAE04EC0-301F-11D3-BF4B-00C04F79EFBC}") = "DietApp.Tools.FoodImporter", "tools\DietApp.Tools.FoodImporter\DietApp.Tools.FoodImporter.csproj", "{BC01DD82-C6EE-4B63-AB12-E43B3D66FEB4}"
EndProject
Global
	GlobalSection(SolutionConfigurationPlatforms) = preSolution
		Debug|Any CPU = Debug|Any CPU
		Debug|x64 = Debug|x64
		Debug|x86 = Debug|x86
		Release|Any CPU = Release|Any CPU
		Release|x64 = Release|x64
		Release|x86 = Release|x86
	EndGlobalSection
	GlobalSection(ProjectConfigurationPlatforms) = postSolution
		{E4A89361-70E1-440D-AA7F-6B31C7605FF1}.Debug|Any CPU.ActiveCfg = Debug|Any CPU
		{E4A89361-70E1-440D-AA7F-6B31C7605FF1}.Debug|Any CPU.Build.0 = Debug|Any CPU
		{E4A89361-70E1-440D-AA7F-6B31C7605FF1}.Debug|x64.ActiveCfg = Debug|Any CPU
		{E4A89361-70E1-440D-AA7F-6B31C7605FF1}.Debug|x64.Build.0 = Debug|Any CPU
		{E4A89361-70E1-440D-AA7F-6B31C7605FF1}.Debug|x86.ActiveCfg = Debug|Any CPU
		{E4A89361-70E1-440D-AA7F-6B31C7605FF1}.Debug|x86.Build.0 = Debug|Any CPU
		{E4A89361-70E1-440D-AA7F-6B31C7605FF1}.Release|Any CPU.ActiveCfg = Release|Any CPU
		{E4A89361-70E1-440D-AA7F-6B31C7605FF1}.Release|Any CPU.Build.0 = Release|Any CPU
		{E4A89361-70E1-440D-AA7F-6B31C7605FF1}.Release|x64.ActiveCfg = Release|Any CPU
		{E4A89361-70E1-440D-AA7F-6B31C7605FF1}.Release|x64.Build.0 = Release|Any CPU
		{E4A89361-70E1-440D-AA7F-6B31C7605FF1}.Release|x86.ActiveCfg = Release|Any CPU
		{E4A89361-70E1-440D-AA7F-6B31C7605FF1}.Release|x86.Build.0 = Release|Any CPU
		{66E94278-CCB2-4C48-97C2-3D3E1A495153}.Debug|Any CPU.ActiveCfg = Debug|Any CPU
		{66E94278-CCB2-4C48-97C2-3D3E1A495153}.Debug|Any CPU.Build.0 = Debug|Any CPU
		{66E94278-CCB2-4C48-97C2-3D3E1A495153}.Debug|x64.ActiveCfg = Debug|Any CPU
		{66E94278-CCB2-4C48-97C2-3D3E1A495153}.Debug|x64.Build.0 = Debug|Any CPU
		{66E94278-CCB2-4C48-97C2-3D3E1A495153}.Debug|x86.ActiveCfg = Debug|Any CPU
		{66E94278-CCB2-4C48-97C2-3D3E1A495153}.Debug|x86.Build.0 = Debug|Any CPU
		{66E94278-CCB2-4C48-97C2-3D3E1A495153}.Release|Any CPU.ActiveCfg = Release|Any CPU
		{66E94278-CCB2-4C48-97C2-3D3E1A495153}.Release|Any CPU.Build.0 = Release|Any CPU
		{66E94278-CCB2-4C48-97C2-3D3E1A495153}.Release|x64.ActiveCfg = Release|Any CPU
		{66E94278-CCB2-4C48-97C2-3D3E1A495153}.Release|x64.Build.0 = Release|Any CPU
		{66E94278-CCB2-4C48-97C2-3D3E1A495153}.Release|x86.ActiveCfg = Release|Any CPU
		{66E94278-CCB2-4C48-97C2-3D3E1A495153}.Release|x86.Build.0 = Release|Any CPU
		{2CD7A309-B642-4CE0-B160-404721E0877D}.Debug|Any CPU.ActiveCfg = Debug|Any CPU
		{2CD7A309-B642-4CE0-B160-404721E0877D}.Debug|Any CPU.Build.0 = Debug|Any CPU
		{2CD7A309-B642-4CE0-B160-404721E0877D}.Debug|x64.ActiveCfg = Debug|Any CPU
		{2CD7A309-B642-4CE0-B160-404721E0877D}.Debug|x64.Build.0 = Debug|Any CPU
		{2CD7A309-B642-4CE0-B160-404721E0877D}.Debug|x86.ActiveCfg = Debug|Any CPU
		{2CD7A309-B642-4CE0-B160-404721E0877D}.Debug|x86.Build.0 = Debug|Any CPU
		{2CD7A309-B642-4CE0-B160-404721E0877D}.Release|Any CPU.ActiveCfg = Release|Any CPU
		{2CD7A309-B642-4CE0-B160-404721E0877D}.Release|Any CPU.Build.0 = Release|Any CPU
		{2CD7A309-B642-4CE0-B160-404721E0877D}.Release|x64.ActiveCfg = Release|Any CPU
		{2CD7A309-B642-4CE0-B160-404721E0877D}.Release|x64.Build.0 = Release|Any CPU
		{2CD7A309-B642-4CE0-B160-404721E0877D}.Release|x86.ActiveCfg = Release|Any CPU
		{2CD7A309-B642-4CE0-B160-404721E0877D}.Release|x86.Build.0 = Release|Any CPU
		{AA8D12D3-5DC1-4185-9FEA-0E2D50FCF0A5}.Debug|Any CPU.ActiveCfg = Debug|Any CPU
		{AA8D12D3-5DC1-4185-9FEA-0E2D50FCF0A5}.Debug|Any CPU.Build.0 = Debug|Any CPU
		{AA8D12D3-5DC1-4185-9FEA-0E2D50FCF0A5}.Debug|x64.ActiveCfg = Debug|Any CPU
		{AA8D12D3-5DC1-4185-9FEA-0E2D50FCF0A5}.Debug|x64.Build.0 = Debug|Any CPU
		{AA8D12D3-5DC1-4185-9FEA-0E2D50FCF0A5}.Debug|x86.ActiveCfg = Debug|Any CPU
		{AA8D12D3-5DC1-4185-9FEA-0E2D50FCF0A5}.Debug|x86.Build.0 = Debug|Any CPU
		{AA8D12D3-5DC1-4185-9FEA-0E2D50FCF0A5}.Release|Any CPU.ActiveCfg = Release|Any CPU
		{AA8D12D3-5DC1-4185-9FEA-0E2D50FCF0A5}.Release|Any CPU.Build.0 = Release|Any CPU
		{AA8D12D3-5DC1-4185-9FEA-0E2D50FCF0A5}.Release|x64.ActiveCfg = Release|Any CPU
		{AA8D12D3-5DC1-4185-9FEA-0E2D50FCF0A5}.Release|x64.Build.0 = Release|Any CPU
		{AA8D12D3-5DC1-4185-9FEA-0E2D50FCF0A5}.Release|x86.ActiveCfg = Release|Any CPU
		{AA8D12D3-5DC1-4185-9FEA-0E2D50FCF0A5}.Release|x86.Build.0 = Release|Any CPU
		{A32784F9-A8CA-4BD3-A263-E34E918BFB6D}.Debug|Any CPU.ActiveCfg = Debug|Any CPU
		{A32784F9-A8CA-4BD3-A263-E34E918BFB6D}.Debug|Any CPU.Build.0 = Debug|Any CPU
		{A32784F9-A8CA-4BD3-A263-E34E918BFB6D}.Debug|x64.ActiveCfg = Debug|Any CPU
		{A32784F9-A8CA-4BD3-A263-E34E918BFB6D}.Debug|x64.Build.0 = Debug|Any CPU
		{A32784F9-A8CA-4BD3-A263-E34E918BFB6D}.Debug|x86.ActiveCfg = Debug|Any CPU
		{A32784F9-A8CA-4BD3-A263-E34E918BFB6D}.Debug|x86.Build.0 = Debug|Any CPU
		{A32784F9-A8CA-4BD3-A263-E34E918BFB6D}.Release|Any CPU.ActiveCfg = Release|Any CPU
		{A32784F9-A8CA-4BD3-A263-E34E918BFB6D}.Release|Any CPU.Build.0 = Release|Any CPU
		{A32784F9-A8CA-4BD3-A263-E34E918BFB6D}.Release|x64.ActiveCfg = Release|Any CPU
		{A32784F9-A8CA-4BD3-A263-E34E918BFB6D}.Release|x64.Build.0 = Release|Any CPU
		{A32784F9-A8CA-4BD3-A263-E34E918BFB6D}.Release|x86.ActiveCfg = Release|Any CPU
		{A32784F9-A8CA-4BD3-A263-E34E918BFB6D}.Release|x86.Build.0 = Release|Any CPU
		{BC01DD82-C6EE-4B63-AB12-E43B3D66FEB4}.Debug|Any CPU.ActiveCfg = Debug|Any CPU
		{BC01DD82-C6EE-4B63-AB12-E43B3D66FEB4}.Debug|Any CPU.Build.0 = Debug|Any CPU
		{BC01DD82-C6EE-4B63-AB12-E43B3D66FEB4}.Debug|x64.ActiveCfg = Debug|Any CPU
		{BC01DD82-C6EE-4B63-AB12-E43B3D66FEB4}.Debug|x64.Build.0 = Debug|Any CPU
		{BC01DD82-C6EE-4B63-AB12-E43B3D66FEB4}.Debug|x86.ActiveCfg = Debug|Any CPU
		{BC01DD82-C6EE-4B63-AB12-E43B3D66FEB4}.Debug|x86.Build.0 = Debug|Any CPU
		{BC01DD82-C6EE-4B63-AB12-E43B3D66FEB4}.Release|Any CPU.ActiveCfg = Release|Any CPU
		{BC01DD82-C6EE-4B63-AB12-E43B3D66FEB4}.Release|Any CPU.Build.0 = Release|Any CPU
		{BC01DD82-C6EE-4B63-AB12-E43B3D66FEB4}.Release|x64.ActiveCfg = Release|Any CPU
		{BC01DD82-C6EE-4B63-AB12-E43B3D66FEB4}.Release|x64.Build.0 = Release|Any CPU
		{BC01DD82-C6EE-4B63-AB12-E43B3D66FEB4}.Release|x86.ActiveCfg = Release|Any CPU
		{BC01DD82-C6EE-4B63-AB12-E43B3D66FEB4}.Release|x86.Build.0 = Release|Any CPU
	EndGlobalSection
	GlobalSection(SolutionProperties) = preSolution
		HideSolutionNode = FALSE
	EndGlobalSection
	GlobalSection(NestedProjects) = preSolution
		{E4A89361-70E1-440D-AA7F-6B31C7605FF1} = {827E0CD3-B72D-47B6-A68D-7590B98EB39B}
		{66E94278-CCB2-4C48-97C2-3D3E1A495153} = {827E0CD3-B72D-47B6-A68D-7590B98EB39B}
		{2CD7A309-B642-4CE0-B160-404721E0877D} = {827E0CD3-B72D-47B6-A68D-7590B98EB39B}
		{AA8D12D3-5DC1-4185-9FEA-0E2D50FCF0A5} = {827E0CD3-B72D-47B6-A68D-7590B98EB39B}
		{A32784F9-A8CA-4BD3-A263-E34E918BFB6D} = {827E0CD3-B72D-47B6-A68D-7590B98EB39B}
		{BC01DD82-C6EE-4B63-AB12-E43B3D66FEB4} = {07C2787E-EAC7-C090-1BA3-A61EC2A24D84}
	EndGlobalSection
EndGlobal
